
Microsoft Visual Studio Solution File, Format Version 12.00
# Visual Studio Version 16
VisualStudioVersion = 16.0.30907.101
MinimumVisualStudioVersion = 10.0.40219.1
Project("{9A19103F-16F7-4668-BE54-9A1E7A4F7556}") = "KampIntro", "KampIntro\KampIntro.csproj", "{848CA459-A656-4CC6-A097-44C3B675C175}"
EndProject
Project("{9A19103F-16F7-4668-BE54-9A1E7A4F7556}") = "Metotlar", "Metotlar\Metotlar.csproj", "{59E9FC0C-E38C-45AC-975E-7C02675CEA1E}"
EndProject
Project("{9A19103F-16F7-4668-BE54-9A1E7A4F7556}") = "Matematik", "Matematik\Matematik.csproj", "{9619540F-BCCC-41A5-AD7A-AB4099EE3C85}"
EndProject
Project("{9A19103F-16F7-4668-BE54-9A1E7A4F7556}") = "DegerVeReferansTipler", "DegerVeReferansTipler\DegerVeReferansTipler.csproj", "{2E8DA12D-A345-4567-AD4E-1880F44F2006}"
EndProject
Project("{9A19103F-16F7-4668-BE54-9A1E7A4F7556}") = "MethodsExample", "MethodsExample\MethodsExample.csproj", "{FC579562-1D57-4253-B452-1E634A191D07}"
EndProject
Project("{9A19103F-16F7-4668-BE54-9A1E7A4F7556}") = "OOP1", "OOP1\OOP1.csproj", "{BA7C8C55-A624-4009-B643-821275D4DBF6}"
EndProject
Project("{9A19103F-16F7-4668-BE54-9A1E7A4F7556}") = "Koleksiyonlar", "Koleksiyonlar\Koleksiyonlar.csproj", "{4C1483F0-7180-4B58-9DDB-5456C5954BAD}"
EndProject
Project("{9A19103F-16F7-4668-BE54-9A1E7A4F7556}") = "GenericsIntro", "GenericsIntro\GenericsIntro.csproj", "{4863759E-7FDE-4F94-B597-97F65F0E39B4}"
EndProject
Project("{FAE04EC0-301F-11D3-BF4B-00C04F79EFBC}") = "ReferanceTypes", "ReferanceTypes\ReferanceTypes.csproj", "{F39AA3B4-62CE-4880-A775-F29B91794CCC}"
EndProject
Project("{FAE04EC0-301F-11D3-BF4B-00C04F79EFBC}") = "Constructors", "Constructors\Constructors.csproj", "{F47CA583-30DA-4742-B3B3-D0C12B625C40}"
EndProject
Project("{FAE04EC0-301F-11D3-BF4B-00C04F79EFBC}") = "Dictionary", "Dictionary\Dictionary.csproj", "{8E41FFF0-F101-44FF-8370-B2C455FD03AF}"
EndProject
Project("{FAE04EC0-301F-11D3-BF4B-00C04F79EFBC}") = "OOP2", "OOP2\OOP2.csproj", "{4D69AD6A-1A47-4E20-A0B4-4990FE775156}"
EndProject
Project("{FAE04EC0-301F-11D3-BF4B-00C04F79EFBC}") = "OOP3", "OOP3\OOP3.csproj", "{6DC2C805-D067-46DA-A37A-CCAF4BFB7CFC}"
EndProject
Global
	GlobalSection(SolutionConfigurationPlatforms) = preSolution
		Debug|Any CPU = Debug|Any CPU
		Release|Any CPU = Release|Any CPU
	EndGlobalSection
	GlobalSection(ProjectConfigurationPlatforms) = postSolution
		{848CA459-A656-4CC6-A097-44C3B675C175}.Debug|Any CPU.ActiveCfg = Debug|Any CPU
		{848CA459-A656-4CC6-A097-44C3B675C175}.Debug|Any CPU.Build.0 = Debug|Any CPU
		{848CA459-A656-4CC6-A097-44C3B675C175}.Release|Any CPU.ActiveCfg = Release|Any CPU
		{848CA459-A656-4CC6-A097-44C3B675C175}.Release|Any CPU.Build.0 = Release|Any CPU
		{59E9FC0C-E38C-45AC-975E-7C02675CEA1E}.Debug|Any CPU.ActiveCfg = Debug|Any CPU
		{59E9FC0C-E38C-45AC-975E-7C02675CEA1E}.Debug|Any CPU.Build.0 = Debug|Any CPU
		{59E9FC0C-E38C-45AC-975E-7C02675CEA1E}.Release|Any CPU.ActiveCfg = Release|Any CPU
		{59E9FC0C-E38C-45AC-975E-7C02675CEA1E}.Release|Any CPU.Build.0 = Release|Any CPU
		{9619540F-BCCC-41A5-AD7A-AB4099EE3C85}.Debug|Any CPU.ActiveCfg = Debug|Any CPU
		{9619540F-BCCC-41A5-AD7A-AB4099EE3C85}.Debug|Any CPU.Build.0 = Debug|Any CPU
		{9619540F-BCCC-41A5-AD7A-AB4099EE3C85}.Release|Any CPU.ActiveCfg = Release|Any CPU
		{9619540F-BCCC-41A5-AD7A-AB4099EE3C85}.Release|Any CPU.Build.0 = Release|Any CPU
		{2E8DA12D-A345-4567-AD4E-1880F44F2006}.Debug|Any CPU.ActiveCfg = Debug|Any CPU
		{2E8DA12D-A345-4567-AD4E-1880F44F2006}.Debug|Any CPU.Build.0 = Debug|Any CPU
		{2E8DA12D-A345-4567-AD4E-1880F44F2006}.Release|Any CPU.ActiveCfg = Release|Any CPU
		{2E8DA12D-A345-4567-AD4E-1880F44F2006}.Release|Any CPU.Build.0 = Release|Any CPU
		{FC579562-1D57-4253-B452-1E634A191D07}.Debug|Any CPU.ActiveCfg = Debug|Any CPU
		{FC579562-1D57-4253-B452-1E634A191D07}.Debug|Any CPU.Build.0 = Debug|Any CPU
		{FC579562-1D57-4253-B452-1E634A191D07}.Release|Any CPU.ActiveCfg = Release|Any CPU
		{FC579562-1D57-4253-B452-1E634A191D07}.Release|Any CPU.Build.0 = Release|Any CPU
		{BA7C8C55-A624-4009-B643-821275D4DBF6}.Debug|Any CPU.ActiveCfg = Debug|Any CPU
		{BA7C8C55-A624-4009-B643-821275D4DBF6}.Debug|Any CPU.Build.0 = Debug|Any CPU
		{BA7C8C55-A624-4009-B643-821275D4DBF6}.Release|Any CPU.ActiveCfg = Release|Any CPU
		{BA7C8C55-A624-4009-B643-821275D4DBF6}.Release|Any CPU.Build.0 = Release|Any CPU
		{4C1483F0-7180-4B58-9DDB-5456C5954BAD}.Debug|Any CPU.ActiveCfg = Debug|Any CPU
		{4C1483F0-7180-4B58-9DDB-5456C5954BAD}.Debug|Any CPU.Build.0 = Debug|Any CPU
		{4C1483F0-7180-4B58-9DDB-5456C5954BAD}.Release|Any CPU.ActiveCfg = Release|Any CPU
		{4C1483F0-7180-4B58-9DDB-5456C5954BAD}.Release|Any CPU.Build.0 = Release|Any CPU
		{4863759E-7FDE-4F94-B597-97F65F0E39B4}.Debug|Any CPU.ActiveCfg = Debug|Any CPU
		{4863759E-7FDE-4F94-B597-97F65F0E39B4}.Debug|Any CPU.Build.0 = Debug|Any CPU
		{4863759E-7FDE-4F94-B597-97F65F0E39B4}.Release|Any CPU.ActiveCfg = Release|Any CPU
		{4863759E-7FDE-4F94-B597-97F65F0E39B4}.Release|Any CPU.Build.0 = Release|Any CPU
		{F39AA3B4-62CE-4880-A775-F29B91794CCC}.Debug|Any CPU.ActiveCfg = Debug|Any CPU
		{F39AA3B4-62CE-4880-A775-F29B91794CCC}.Debug|Any CPU.Build.0 = Debug|Any CPU
		{F39AA3B4-62CE-4880-A775-F29B91794CCC}.Release|Any CPU.ActiveCfg = Release|Any CPU
		{F39AA3B4-62CE-4880-A775-F29B91794CCC}.Release|Any CPU.Build.0 = Release|Any CPU
		{F47CA583-30DA-4742-B3B3-D0C12B625C40}.Debug|Any CPU.ActiveCfg = Debug|Any CPU
		{F47CA583-30DA-4742-B3B3-D0C12B625C40}.Debug|Any CPU.Build.0 = Debug|Any CPU
		{F47CA583-30DA-4742-B3B3-D0C12B625C40}.Release|Any CPU.ActiveCfg = Release|Any CPU
		{F47CA583-30DA-4742-B3B3-D0C12B625C40}.Release|Any CPU.Build.0 = Release|Any CPU
		{8E41FFF0-F101-44FF-8370-B2C455FD03AF}.Debug|Any CPU.ActiveCfg = Debug|Any CPU
		{8E41FFF0-F101-44FF-8370-B2C455FD03AF}.Debug|Any CPU.Build.0 = Debug|Any CPU
		{8E41FFF0-F101-44FF-8370-B2C455FD03AF}.Release|Any CPU.ActiveCfg = Release|Any CPU
		{8E41FFF0-F101-44FF-8370-B2C455FD03AF}.Release|Any CPU.Build.0 = Release|Any CPU
		{4D69AD6A-1A47-4E20-A0B4-4990FE775156}.Debug|Any CPU.ActiveCfg = Debug|Any CPU
		{4D69AD6A-1A47-4E20-A0B4-4990FE775156}.Debug|Any CPU.Build.0 = Debug|Any CPU
		{4D69AD6A-1A47-4E20-A0B4-4990FE775156}.Release|Any CPU.ActiveCfg = Release|Any CPU
		{4D69AD6A-1A47-4E20-A0B4-4990FE775156}.Release|Any CPU.Build.0 = Release|Any CPU
		{6DC2C805-D067-46DA-A37A-CCAF4BFB7CFC}.Debug|Any CPU.ActiveCfg = Debug|Any CPU
		{6DC2C805-D067-46DA-A37A-CCAF4BFB7CFC}.Debug|Any CPU.Build.0 = Debug|Any CPU
		{6DC2C805-D067-46DA-A37A-CCAF4BFB7CFC}.Release|Any CPU.ActiveCfg = Release|Any CPU
		{6DC2C805-D067-46DA-A37A-CCAF4BFB7CFC}.Release|Any CPU.Build.0 = Release|Any CPU
	EndGlobalSection
	GlobalSection(SolutionProperties) = preSolution
		HideSolutionNode = FALSE
	EndGlobalSection
	GlobalSection(ExtensibilityGlobals) = postSolution
		SolutionGuid = {21B37E0D-AFED-4759-BFA7-AD6DED7C250C}
	EndGlobalSection
EndGlobal
